{
  "name": "diffsense",
  "version": "0.0.0",
  "lockfileVersion": 3,
  "requires": true,
  "packages": {
    "": {
      "name": "diffsense",
      "version": "0.0.0",
      "license": "BSD-3-Clause",
      "workspaces": [
        "apps/*",
        "packages/*"
      ]
    },
    "node_modules/@diffsense/core": {
      "resolved": "packages/core",
      "link": true
    },
    "node_modules/@diffsense/harness": {
      "resolved": "packages/harness",
      "link": true
    },
    "packages/core": {
      "name": "@diffsense/core",
      "version": "0.0.0",
      "license": "BSD-3-Clause"
    },
    "packages/harness": {
      "name": "@diffsense/harness",
      "version": "0.0.0",
      "license": "BSD-3-Clause",
      "dependencies": {
        "@diffsense/core": "*"
      }
    }
  }
}
